// !$*UTF8*$!
{
	archiveVersion = 1;
	classes = {
	};
	objectVersion = 56;
	objects = {

/* Begin PBXBuildFile section */
		6FAC253B2AE7F5060011C34C /* KSCrashMonitor_NSException.m in Sources */ = {isa = PBXBuildFile; fileRef = 6FAC253A2AE7F5060011C34C /* KSCrashMonitor_NSException.m */; };
		6FE6345B2AE3734B00DB35B5 /* AppDelegate.m in Sources */ = {isa = PBXBuildFile; fileRef = 6FE6345A2AE3734B00DB35B5 /* AppDelegate.m */; };
		6FE6345E2AE3734B00DB35B5 /* SceneDelegate.m in Sources */ = {isa = PBXBuildFile; fileRef = 6FE6345D2AE3734B00DB35B5 /* SceneDelegate.m */; };
		6FE634612AE3734B00DB35B5 /* ViewController.m in Sources */ = {isa = PBXBuildFile; fileRef = 6FE634602AE3734B00DB35B5 /* ViewController.m */; };
		6FE634642AE3734B00DB35B5 /* Main.storyboard in Resources */ = {isa = PBXBuildFile; fileRef = 6FE634622AE3734B00DB35B5 /* Main.storyboard */; };
		6FE634662AE3734C00DB35B5 /* Assets.xcassets in Resources */ = {isa = PBXBuildFile; fileRef = 6FE634652AE3734C00DB35B5 /* Assets.xcassets */; };
		6FE634692AE3734C00DB35B5 /* LaunchScreen.storyboard in Resources */ = {isa = PBXBuildFile; fileRef = 6FE634672AE3734C00DB35B5 /* LaunchScreen.storyboard */; };
		6FE6346C2AE3734C00DB35B5 /* main.m in Sources */ = {isa = PBXBuildFile; fileRef = 6FE6346B2AE3734C00DB35B5 /* main.m */; };
		6FE634772AE376E300DB35B5 /* KSCrashMonitor_MachException.c in Sources */ = {isa = PBXBuildFile; fileRef = 6FE634762AE376E300DB35B5 /* KSCrashMonitor_MachException.c */; };
		6FE6347A2AE376FE00DB35B5 /* KSCrashMonitor.c in Sources */ = {isa = PBXBuildFile; fileRef = 6FE634792AE376FE00DB35B5 /* KSCrashMonitor.c */; };
		6FE6347E2AE378B200DB35B5 /* KSLogger.c in Sources */ = {isa = PBXBuildFile; fileRef = 6FE6347D2AE378B200DB35B5 /* KSLogger.c */; };
		6FE634822AE3EC7800DB35B5 /* KSThread.c in Sources */ = {isa = PBXBuildFile; fileRef = 6FE634812AE3EC7800DB35B5 /* KSThread.c */; };
/* End PBXBuildFile section */

/* Begin PBXFileReference section */
		6FAC25392AE7F5060011C34C /* KSCrashMonitor_NSException.h */ = {isa = PBXFileReference; lastKnownFileType = sourcecode.c.h; path = KSCrashMonitor_NSException.h; sourceTree = "<group>"; };
		6FAC253A2AE7F5060011C34C /* KSCrashMonitor_NSException.m */ = {isa = PBXFileReference; lastKnownFileType = sourcecode.c.objc; path = KSCrashMonitor_NSException.m; sourceTree = "<group>"; };
		6FE634562AE3734B00DB35B5 /* KSCrash-dcl.app */ = {isa = PBXFileReference; explicitFileType = wrapper.application; includeInIndex = 0; path = "KSCrash-dcl.app"; sourceTree = BUILT_PRODUCTS_DIR; };
		6FE634592AE3734B00DB35B5 /* AppDelegate.h */ = {isa = PBXFileReference; lastKnownFileType = sourcecode.c.h; path = AppDelegate.h; sourceTree = "<group>"; };
		6FE6345A2AE3734B00DB35B5 /* AppDelegate.m */ = {isa = PBXFileReference; lastKnownFileType = sourcecode.c.objc; path = AppDelegate.m; sourceTree = "<group>"; };
		6FE6345C2AE3734B00DB35B5 /* SceneDelegate.h */ = {isa = PBXFileReference; lastKnownFileType = sourcecode.c.h; path = SceneDelegate.h; sourceTree = "<group>"; };
		6FE6345D2AE3734B00DB35B5 /* SceneDelegate.m */ = {isa = PBXFileReference; lastKnownFileType = sourcecode.c.objc; path = SceneDelegate.m; sourceTree = "<group>"; };
		6FE6345F2AE3734B00DB35B5 /* ViewController.h */ = {isa = PBXFileReference; lastKnownFileType = sourcecode.c.h; path = ViewController.h; sourceTree = "<group>"; };
		6FE634602AE3734B00DB35B5 /* ViewController.m */ = {isa = PBXFileReference; lastKnownFileType = sourcecode.c.objc; path = ViewController.m; sourceTree = "<group>"; };
		6FE634632AE3734B00DB35B5 /* Base */ = {isa = PBXFileReference; lastKnownFileType = file.storyboard; name = Base; path = Base.lproj/Main.storyboard; sourceTree = "<group>"; };
		6FE634652AE3734C00DB35B5 /* Assets.xcassets */ = {isa = PBXFileReference; lastKnownFileType = folder.assetcatalog; path = Assets.xcassets; sourceTree = "<group>"; };
		6FE634682AE3734C00DB35B5 /* Base */ = {isa = PBXFileReference; lastKnownFileType = file.storyboard; name = Base; path = Base.lproj/LaunchScreen.storyboard; sourceTree = "<group>"; };
		6FE6346A2AE3734C00DB35B5 /* Info.plist */ = {isa = PBXFileReference; lastKnownFileType = text.plist.xml; path = Info.plist; sourceTree = "<group>"; };
		6FE6346B2AE3734C00DB35B5 /* main.m */ = {isa = PBXFileReference; lastKnownFileType = sourcecode.c.objc; path = main.m; sourceTree = "<group>"; };
		6FE634752AE376E300DB35B5 /* KSCrashMonitor_MachException.h */ = {isa = PBXFileReference; lastKnownFileType = sourcecode.c.h; path = KSCrashMonitor_MachException.h; sourceTree = "<group>"; };
		6FE634762AE376E300DB35B5 /* KSCrashMonitor_MachException.c */ = {isa = PBXFileReference; lastKnownFileType = sourcecode.c.c; path = KSCrashMonitor_MachException.c; sourceTree = "<group>"; };
		6FE634782AE376FE00DB35B5 /* KSCrashMonitor.h */ = {isa = PBXFileReference; lastKnownFileType = sourcecode.c.h; path = KSCrashMonitor.h; sourceTree = "<group>"; };
		6FE634792AE376FE00DB35B5 /* KSCrashMonitor.c */ = {isa = PBXFileReference; lastKnownFileType = sourcecode.c.c; path = KSCrashMonitor.c; sourceTree = "<group>"; };
		6FE6347C2AE378B200DB35B5 /* KSLogger.h */ = {isa = PBXFileReference; lastKnownFileType = sourcecode.c.h; path = KSLogger.h; sourceTree = "<group>"; };
		6FE6347D2AE378B200DB35B5 /* KSLogger.c */ = {isa = PBXFileReference; lastKnownFileType = sourcecode.c.c; path = KSLogger.c; sourceTree = "<group>"; };
		6FE6347F2AE3E59200DB35B5 /* KSSystemCapabilities.h */ = {isa = PBXFileReference; lastKnownFileType = sourcecode.c.h; path = KSSystemCapabilities.h; sourceTree = "<group>"; };
		6FE634802AE3EC7800DB35B5 /* KSThread.h */ = {isa = PBXFileReference; lastKnownFileType = sourcecode.c.h; path = KSThread.h; sourceTree = "<group>"; };
		6FE634812AE3EC7800DB35B5 /* KSThread.c */ = {isa = PBXFileReference; lastKnownFileType = sourcecode.c.c; path = KSThread.c; sourceTree = "<group>"; };
/* End PBXFileReference section */

/* Begin PBXFrameworksBuildPhase section */
		6FE634532AE3734B00DB35B5 /* Frameworks */ = {
			isa = PBXFrameworksBuildPhase;
			buildActionMask = 2147483647;
			files = (
			);
			runOnlyForDeploymentPostprocessing = 0;
		};
/* End PBXFrameworksBuildPhase section */

/* Begin PBXGroup section */
		6FE6344D2AE3734B00DB35B5 = {
			isa = PBXGroup;
			children = (
				6FE634582AE3734B00DB35B5 /* KSCrash-dcl */,
				6FE634572AE3734B00DB35B5 /* Products */,
			);
			sourceTree = "<group>";
		};
		6FE634572AE3734B00DB35B5 /* Products */ = {
			isa = PBXGroup;
			children = (
				6FE634562AE3734B00DB35B5 /* KSCrash-dcl.app */,
			);
			name = Products;
			sourceTree = "<group>";
		};
		6FE634582AE3734B00DB35B5 /* KSCrash-dcl */ = {
			isa = PBXGroup;
			children = (
				6FE634722AE3735400DB35B5 /* KSCrash */,
				6FE634592AE3734B00DB35B5 /* AppDelegate.h */,
				6FE6345A2AE3734B00DB35B5 /* AppDelegate.m */,
				6FE6345C2AE3734B00DB35B5 /* SceneDelegate.h */,
				6FE6345D2AE3734B00DB35B5 /* SceneDelegate.m */,
				6FE6345F2AE3734B00DB35B5 /* ViewController.h */,
				6FE634602AE3734B00DB35B5 /* ViewController.m */,
				6FE634622AE3734B00DB35B5 /* Main.storyboard */,
				6FE634652AE3734C00DB35B5 /* Assets.xcassets */,
				6FE634672AE3734C00DB35B5 /* LaunchScreen.storyboard */,
				6FE6346A2AE3734C00DB35B5 /* Info.plist */,
				6FE6346B2AE3734C00DB35B5 /* main.m */,
			);
			path = "KSCrash-dcl";
			sourceTree = "<group>";
		};
		6FE634722AE3735400DB35B5 /* KSCrash */ = {
			isa = PBXGroup;
			children = (
				6FE634732AE3738000DB35B5 /* Crash Recording */,
			);
			path = KSCrash;
			sourceTree = "<group>";
		};
		6FE634732AE3738000DB35B5 /* Crash Recording */ = {
			isa = PBXGroup;
			children = (
				6FE6347B2AE3789F00DB35B5 /* Tools */,
				6FE634742AE376C000DB35B5 /* Monitors */,
				6FE6347F2AE3E59200DB35B5 /* KSSystemCapabilities.h */,
			);
			path = "Crash Recording";
			sourceTree = "<group>";
		};
		6FE634742AE376C000DB35B5 /* Monitors */ = {
			isa = PBXGroup;
			children = (
				6FE634752AE376E300DB35B5 /* KSCrashMonitor_MachException.h */,
				6FE634762AE376E300DB35B5 /* KSCrashMonitor_MachException.c */,
				6FE634782AE376FE00DB35B5 /* KSCrashMonitor.h */,
				6FE634792AE376FE00DB35B5 /* KSCrashMonitor.c */,
				6FAC25392AE7F5060011C34C /* KSCrashMonitor_NSException.h */,
				6FAC253A2AE7F5060011C34C /* KSCrashMonitor_NSException.m */,
			);
			path = Monitors;
			sourceTree = "<group>";
		};
		6FE6347B2AE3789F00DB35B5 /* Tools */ = {
			isa = PBXGroup;
			children = (
				6FE6347C2AE378B200DB35B5 /* KSLogger.h */,
				6FE6347D2AE378B200DB35B5 /* KSLogger.c */,
				6FE634802AE3EC7800DB35B5 /* KSThread.h */,
				6FE634812AE3EC7800DB35B5 /* KSThread.c */,
			);
			path = Tools;
			sourceTree = "<group>";
		};
/* End PBXGroup section */

/* Begin PBXNativeTarget section */
		6FE634552AE3734B00DB35B5 /* KSCrash-dcl */ = {
			isa = PBXNativeTarget;
			buildConfigurationList = 6FE6346F2AE3734C00DB35B5 /* Build configuration list for PBXNativeTarget "KSCrash-dcl" */;
			buildPhases = (
				6FE634522AE3734B00DB35B5 /* Sources */,
				6FE634532AE3734B00DB35B5 /* Frameworks */,
				6FE634542AE3734B00DB35B5 /* Resources */,
			);
			buildRules = (
			);
			dependencies = (
			);
			name = "KSCrash-dcl";
			productName = "KSCrash-dcl";
			productReference = 6FE634562AE3734B00DB35B5 /* KSCrash-dcl.app */;
			productType = "com.apple.product-type.application";
		};
/* End PBXNativeTarget section */

/* Begin PBXProject section */
		6FE6344E2AE3734B00DB35B5 /* Project object */ = {
			isa = PBXProject;
			attributes = {
				BuildIndependentTargetsInParallel = 1;
				LastUpgradeCheck = 1500;
				TargetAttributes = {
					6FE634552AE3734B00DB35B5 = {
						CreatedOnToolsVersion = 15.0.1;
					};
				};
			};
			buildConfigurationList = 6FE634512AE3734B00DB35B5 /* Build configuration list for PBXProject "KSCrash-dcl" */;
			compatibilityVersion = "Xcode 14.0";
			developmentRegion = en;
			hasScannedForEncodings = 0;
			knownRegions = (
				en,
				Base,
			);
			mainGroup = 6FE6344D2AE3734B00DB35B5;
			productRefGroup = 6FE634572AE3734B00DB35B5 /* Products */;
			projectDirPath = "";
			projectRoot = "";
			targets = (
				6FE634552AE3734B00DB35B5 /* KSCrash-dcl */,
			);
		};
/* End PBXProject section */

/* Begin PBXResourcesBuildPhase section */
		6FE634542AE3734B00DB35B5 /* Resources */ = {
			isa = PBXResourcesBuildPhase;
			buildActionMask = 2147483647;
			files = (
				6FE634692AE3734C00DB35B5 /* LaunchScreen.storyboard in Resources */,
				6FE634662AE3734C00DB35B5 /* Assets.xcassets in Resources */,
				6FE634642AE3734B00DB35B5 /* Main.storyboard in Resources */,
			);
			runOnlyForDeploymentPostprocessing = 0;
		};
/* End PBXResourcesBuildPhase section */

/* Begin PBXSourcesBuildPhase section */
		6FE634522AE3734B00DB35B5 /* Sources */ = {
			isa = PBXSourcesBuildPhase;
			buildActionMask = 2147483647;
			files = (
				6FE6347A2AE376FE00DB35B5 /* KSCrashMonitor.c in Sources */,
				6FE634822AE3EC7800DB35B5 /* KSThread.c in Sources */,
				6FAC253B2AE7F5060011C34C /* KSCrashMonitor_NSException.m in Sources */,
				6FE634612AE3734B00DB35B5 /* ViewController.m in Sources */,
				6FE6347E2AE378B200DB35B5 /* KSLogger.c in Sources */,
				6FE6345B2AE3734B00DB35B5 /* AppDelegate.m in Sources */,
				6FE6346C2AE3734C00DB35B5 /* main.m in Sources */,
				6FE634772AE376E300DB35B5 /* KSCrashMonitor_MachException.c in Sources */,
				6FE6345E2AE3734B00DB35B5 /* SceneDelegate.m in Sources */,
			);
			runOnlyForDeploymentPostprocessing = 0;
		};
/* End PBXSourcesBuildPhase section */

/* Begin PBXVariantGroup section */
		6FE634622AE3734B00DB35B5 /* Main.storyboard */ = {
			isa = PBXVariantGroup;
			children = (
				6FE634632AE3734B00DB35B5 /* Base */,
			);
			name = Main.storyboard;
			sourceTree = "<group>";
		};
		6FE634672AE3734C00DB35B5 /* LaunchScreen.storyboard */ = {
			isa = PBXVariantGroup;
			children = (
				6FE634682AE3734C00DB35B5 /* Base */,
			);
			name = LaunchScreen.storyboard;
			sourceTree = "<group>";
		};
/* End PBXVariantGroup section */

/* Begin XCBuildConfiguration section */
		6FE6346D2AE3734C00DB35B5 /* Debug */ = {
			isa = XCBuildConfiguration;
			buildSettings = {
				ALWAYS_SEARCH_USER_PATHS = NO;
				ASSETCATALOG_COMPILER_GENERATE_SWIFT_ASSET_SYMBOL_EXTENSIONS = YES;
				CLANG_ANALYZER_NONNULL = YES;
				CLANG_ANALYZER_NUMBER_OBJECT_CONVERSION = YES_AGGRESSIVE;
				CLANG_CXX_LANGUAGE_STANDARD = "gnu++20";
				CLANG_ENABLE_MODULES = YES;
				CLANG_ENABLE_OBJC_ARC = YES;
				CLANG_ENABLE_OBJC_WEAK = YES;
				CLANG_WARN_BLOCK_CAPTURE_AUTORELEASING = YES;
				CLANG_WARN_BOOL_CONVERSION = YES;
				CLANG_WARN_COMMA = YES;
				CLANG_WARN_CONSTANT_CONVERSION = YES;
				CLANG_WARN_DEPRECATED_OBJC_IMPLEMENTATIONS = YES;
				CLANG_WARN_DIRECT_OBJC_ISA_USAGE = YES_ERROR;
				CLANG_WARN_DOCUMENTATION_COMMENTS = YES;
				CLANG_WARN_EMPTY_BODY = YES;
				CLANG_WARN_ENUM_CONVERSION = YES;
				CLANG_WARN_INFINITE_RECURSION = YES;
				CLANG_WARN_INT_CONVERSION = YES;
				CLANG_WARN_NON_LITERAL_NULL_CONVERSION = YES;
				CLANG_WARN_OBJC_IMPLICIT_RETAIN_SELF = YES;
				CLANG_WARN_OBJC_LITERAL_CONVERSION = YES;
				CLANG_WARN_OBJC_ROOT_CLASS = YES_ERROR;
				CLANG_WARN_QUOTED_INCLUDE_IN_FRAMEWORK_HEADER = YES;
				CLANG_WARN_RANGE_LOOP_ANALYSIS = YES;
				CLANG_WARN_STRICT_PROTOTYPES = YES;
				CLANG_WARN_SUSPICIOUS_MOVE = YES;
				CLANG_WARN_UNGUARDED_AVAILABILITY = YES_AGGRESSIVE;
				CLANG_WARN_UNREACHABLE_CODE = YES;
				CLANG_WARN__DUPLICATE_METHOD_MATCH = YES;
				COPY_PHASE_STRIP = NO;
				DEBUG_INFORMATION_FORMAT = dwarf;
				ENABLE_STRICT_OBJC_MSGSEND = YES;
				ENABLE_TESTABILITY = YES;
				ENABLE_USER_SCRIPT_SANDBOXING = YES;
				GCC_C_LANGUAGE_STANDARD = gnu17;
				GCC_DYNAMIC_NO_PIC = NO;
				GCC_NO_COMMON_BLOCKS = YES;
				GCC_OPTIMIZATION_LEVEL = 0;
				GCC_PREPROCESSOR_DEFINITIONS = (
					"DEBUG=1",
					"$(inherited)",
				);
				GCC_WARN_64_TO_32_BIT_CONVERSION = YES;
				GCC_WARN_ABOUT_RETURN_TYPE = YES_ERROR;
				GCC_WARN_UNDECLARED_SELECTOR = YES;
				GCC_WARN_UNINITIALIZED_AUTOS = YES_AGGRESSIVE;
				GCC_WARN_UNUSED_FUNCTION = YES;
				GCC_WARN_UNUSED_VARIABLE = YES;
				IPHONEOS_DEPLOYMENT_TARGET = 17.0;
				LOCALIZATION_PREFERS_STRING_CATALOGS = YES;
				MTL_ENABLE_DEBUG_INFO = INCLUDE_SOURCE;
				MTL_FAST_MATH = YES;
				ONLY_ACTIVE_ARCH = YES;
				SDKROOT = iphoneos;
			};
			name = Debug;
		};
		6FE6346E2AE3734C00DB35B5 /* Release */ = {
			isa = XCBuildConfiguration;
			buildSettings = {
				ALWAYS_SEARCH_USER_PATHS = NO;
				ASSETCATALOG_COMPILER_GENERATE_SWIFT_ASSET_SYMBOL_EXTENSIONS = YES;
				CLANG_ANALYZER_NONNULL = YES;
				CLANG_ANALYZER_NUMBER_OBJECT_CONVERSION = YES_AGGRESSIVE;
				CLANG_CXX_LANGUAGE_STANDARD = "gnu++20";
				CLANG_ENABLE_MODULES = YES;
				CLANG_ENABLE_OBJC_ARC = YES;
				CLANG_ENABLE_OBJC_WEAK = YES;
				CLANG_WARN_BLOCK_CAPTURE_AUTORELEASING = YES;
				CLANG_WARN_BOOL_CONVERSION = YES;
				CLANG_WARN_COMMA = YES;
				CLANG_WARN_CONSTANT_CONVERSION = YES;
				CLANG_WARN_DEPRECATED_OBJC_IMPLEMENTATIONS = YES;
				CLANG_WARN_DIRECT_OBJC_ISA_USAGE = YES_ERROR;
				CLANG_WARN_DOCUMENTATION_COMMENTS = YES;
				CLANG_WARN_EMPTY_BODY = YES;
				CLANG_WARN_ENUM_CONVERSION = YES;
				CLANG_WARN_INFINITE_RECURSION = YES;
				CLANG_WARN_INT_CONVERSION = YES;
				CLANG_WARN_NON_LITERAL_NULL_CONVERSION = YES;
				CLANG_WARN_OBJC_IMPLICIT_RETAIN_SELF = YES;
				CLANG_WARN_OBJC_LITERAL_CONVERSION = YES;
				CLANG_WARN_OBJC_ROOT_CLASS = YES_ERROR;
				CLANG_WARN_QUOTED_INCLUDE_IN_FRAMEWORK_HEADER = YES;
				CLANG_WARN_RANGE_LOOP_ANALYSIS = YES;
				CLANG_WARN_STRICT_PROTOTYPES = YES;
				CLANG_WARN_SUSPICIOUS_MOVE = YES;
				CLANG_WARN_UNGUARDED_AVAILABILITY = YES_AGGRESSIVE;
				CLANG_WARN_UNREACHABLE_CODE = YES;
				CLANG_WARN__DUPLICATE_METHOD_MATCH = YES;
				COPY_PHASE_STRIP = NO;
				DEBUG_INFORMATION_FORMAT = "dwarf-with-dsym";
				ENABLE_NS_ASSERTIONS = NO;
				ENABLE_STRICT_OBJC_MSGSEND = YES;
				ENABLE_USER_SCRIPT_SANDBOXING = YES;
				GCC_C_LANGUAGE_STANDARD = gnu17;
				GCC_NO_COMMON_BLOCKS = YES;
				GCC_WARN_64_TO_32_BIT_CONVERSION = YES;
				GCC_WARN_ABOUT_RETURN_TYPE = YES_ERROR;
				GCC_WARN_UNDECLARED_SELECTOR = YES;
				GCC_WARN_UNINITIALIZED_AUTOS = YES_AGGRESSIVE;
				GCC_WARN_UNUSED_FUNCTION = YES;
				GCC_WARN_UNUSED_VARIABLE = YES;
				IPHONEOS_DEPLOYMENT_TARGET = 17.0;
				LOCALIZATION_PREFERS_STRING_CATALOGS = YES;
				MTL_ENABLE_DEBUG_INFO = NO;
				MTL_FAST_MATH = YES;
				SDKROOT = iphoneos;
				VALIDATE_PRODUCT = YES;
			};
			name = Release;
		};
		6FE634702AE3734C00DB35B5 /* Debug */ = {
			isa = XCBuildConfiguration;
			buildSettings = {
				ASSETCATALOG_COMPILER_APPICON_NAME = AppIcon;
				ASSETCATALOG_COMPILER_GLOBAL_ACCENT_COLOR_NAME = AccentColor;
				CODE_SIGN_STYLE = Automatic;
				CURRENT_PROJECT_VERSION = 1;
				DEVELOPMENT_TEAM = U4M8YXDL9F;
				GENERATE_INFOPLIST_FILE = YES;
				INFOPLIST_FILE = "KSCrash-dcl/Info.plist";
				INFOPLIST_KEY_UIApplicationSupportsIndirectInputEvents = YES;
				INFOPLIST_KEY_UILaunchStoryboardName = LaunchScreen;
				INFOPLIST_KEY_UIMainStoryboardFile = Main;
				INFOPLIST_KEY_UISupportedInterfaceOrientations_iPad = "UIInterfaceOrientationPortrait UIInterfaceOrientationPortraitUpsideDown UIInterfaceOrientationLandscapeLeft UIInterfaceOrientationLandscapeRight";
				INFOPLIST_KEY_UISupportedInterfaceOrientations_iPhone = "UIInterfaceOrientationPortrait UIInterfaceOrientationLandscapeLeft UIInterfaceOrientationLandscapeRight";
				LD_RUNPATH_SEARCH_PATHS = (
					"$(inherited)",
					"@executable_path/Frameworks",
				);
				MARKETING_VERSION = 1.0;
				PRODUCT_BUNDLE_IDENTIFIER = "com.dclcs.DCLApp.KSCrash-dcl";
				PRODUCT_NAME = "$(TARGET_NAME)";
				SWIFT_EMIT_LOC_STRINGS = YES;
				TARGETED_DEVICE_FAMILY = "1,2";
			};
			name = Debug;
		};
		6FE634712AE3734C00DB35B5 /* Release */ = {
			isa = XCBuildConfiguration;
			buildSettings = {
				ASSETCATALOG_COMPILER_APPICON_NAME = AppIcon;
				ASSETCATALOG_COMPILER_GLOBAL_ACCENT_COLOR_NAME = AccentColor;
				CODE_SIGN_STYLE = Automatic;
				CURRENT_PROJECT_VERSION = 1;
				DEVELOPMENT_TEAM = U4M8YXDL9F;
				GENERATE_INFOPLIST_FILE = YES;
				INFOPLIST_FILE = "KSCrash-dcl/Info.plist";
				INFOPLIST_KEY_UIApplicationSupportsIndirectInputEvents = YES;
				INFOPLIST_KEY_UILaunchStoryboardName = LaunchScreen;
				INFOPLIST_KEY_UIMainStoryboardFile = Main;
				INFOPLIST_KEY_UISupportedInterfaceOrientations_iPad = "UIInterfaceOrientationPortrait UIInterfaceOrientationPortraitUpsideDown UIInterfaceOrientationLandscapeLeft UIInterfaceOrientationLandscapeRight";
				INFOPLIST_KEY_UISupportedInterfaceOrientations_iPhone = "UIInterfaceOrientationPortrait UIInterfaceOrientationLandscapeLeft UIInterfaceOrientationLandscapeRight";
				LD_RUNPATH_SEARCH_PATHS = (
					"$(inherited)",
					"@executable_path/Frameworks",
				);
				MARKETING_VERSION = 1.0;
				PRODUCT_BUNDLE_IDENTIFIER = "com.dclcs.DCLApp.KSCrash-dcl";
				PRODUCT_NAME = "$(TARGET_NAME)";
				SWIFT_EMIT_LOC_STRINGS = YES;
				TARGETED_DEVICE_FAMILY = "1,2";
			};
			name = Release;
		};
/* End XCBuildConfiguration section */

/* Begin XCConfigurationList section */
		6FE634512AE3734B00DB35B5 /* Build configuration list for PBXProject "KSCrash-dcl" */ = {
			isa = XCConfigurationList;
			buildConfigurations = (
				6FE6346D2AE3734C00DB35B5 /* Debug */,
				6FE6346E2AE3734C00DB35B5 /* Release */,
			);
			defaultConfigurationIsVisible = 0;
			defaultConfigurationName = Release;
		};
		6FE6346F2AE3734C00DB35B5 /* Build configuration list for PBXNativeTarget "KSCrash-dcl" */ = {
			isa = XCConfigurationList;
			buildConfigurations = (
				6FE634702AE3734C00DB35B5 /* Debug */,
				6FE634712AE3734C00DB35B5 /* Release */,
			);
			defaultConfigurationIsVisible = 0;
			defaultConfigurationName = Release;
		};
/* End XCConfigurationList section */
	};
	rootObject = 6FE6344E2AE3734B00DB35B5 /* Project object */;
}
